
Microsoft Visual Studio Solution File, Format Version 12.00
Project("{FAE04EC0-301F-11D3-BF4B-00C04F79EFBC}") = "WebAPI", "WebAPI\WebAPI.csproj", "{532CD340-A5E6-46F3-88CB-7F356E4C9D41}"
EndProject
Project("{FAE04EC0-301F-11D3-BF4B-00C04F79EFBC}") = "Application", "Application\Application.csproj", "{5D7C641D-BEA3-4C2E-86B6-E51269A4ECE6}"
EndProject
Project("{FAE04EC0-301F-11D3-BF4B-00C04F79EFBC}") = "FileData", "FileData\FileData.csproj", "{231B2520-1EA6-4C74-BDB0-C2F49BE41D69}"
EndProject
Project("{FAE04EC0-301F-11D3-BF4B-00C04F79EFBC}") = "Domain", "Domain\Domain.csproj", "{B89713EC-C395-4EA6-A017-92D8A6204BC4}"
EndProject
Project("{FAE04EC0-301F-11D3-BF4B-00C04F79EFBC}") = "BlazorWASM", "BlazorWASM\BlazorWASM.csproj", "{831342CB-EBA8-464B-B581-1F2CCDEFF688}"
EndProject
Project("{FAE04EC0-301F-11D3-BF4B-00C04F79EFBC}") = "HttpClients", "HttpClients\HttpClients.csproj", "{C2A90078-B344-440E-BF97-7D039DA5FF12}"
EndProject
Global
	GlobalSection(SolutionConfigurationPlatforms) = preSolution
		Debug|Any CPU = Debug|Any CPU
		Release|Any CPU = Release|Any CPU
	EndGlobalSection
	GlobalSection(ProjectConfigurationPlatforms) = postSolution
		{532CD340-A5E6-46F3-88CB-7F356E4C9D41}.Debug|Any CPU.ActiveCfg = Debug|Any CPU
		{532CD340-A5E6-46F3-88CB-7F356E4C9D41}.Debug|Any CPU.Build.0 = Debug|Any CPU
		{532CD340-A5E6-46F3-88CB-7F356E4C9D41}.Release|Any CPU.ActiveCfg = Release|Any CPU
		{532CD340-A5E6-46F3-88CB-7F356E4C9D41}.Release|Any CPU.Build.0 = Release|Any CPU
		{5D7C641D-BEA3-4C2E-86B6-E51269A4ECE6}.Debug|Any CPU.ActiveCfg = Debug|Any CPU
		{5D7C641D-BEA3-4C2E-86B6-E51269A4ECE6}.Debug|Any CPU.Build.0 = Debug|Any CPU
		{5D7C641D-BEA3-4C2E-86B6-E51269A4ECE6}.Release|Any CPU.ActiveCfg = Release|Any CPU
		{5D7C641D-BEA3-4C2E-86B6-E51269A4ECE6}.Release|Any CPU.Build.0 = Release|Any CPU
		{231B2520-1EA6-4C74-BDB0-C2F49BE41D69}.Debug|Any CPU.ActiveCfg = Debug|Any CPU
		{231B2520-1EA6-4C74-BDB0-C2F49BE41D69}.Debug|Any CPU.Build.0 = Debug|Any CPU
		{231B2520-1EA6-4C74-BDB0-C2F49BE41D69}.Release|Any CPU.ActiveCfg = Release|Any CPU
		{231B2520-1EA6-4C74-BDB0-C2F49BE41D69}.Release|Any CPU.Build.0 = Release|Any CPU
		{B89713EC-C395-4EA6-A017-92D8A6204BC4}.Debug|Any CPU.ActiveCfg = Debug|Any CPU
		{B89713EC-C395-4EA6-A017-92D8A6204BC4}.Debug|Any CPU.Build.0 = Debug|Any CPU
		{B89713EC-C395-4EA6-A017-92D8A6204BC4}.Release|Any CPU.ActiveCfg = Release|Any CPU
		{B89713EC-C395-4EA6-A017-92D8A6204BC4}.Release|Any CPU.Build.0 = Release|Any CPU
		{831342CB-EBA8-464B-B581-1F2CCDEFF688}.Debug|Any CPU.ActiveCfg = Debug|Any CPU
		{831342CB-EBA8-464B-B581-1F2CCDEFF688}.Debug|Any CPU.Build.0 = Debug|Any CPU
		{831342CB-EBA8-464B-B581-1F2CCDEFF688}.Release|Any CPU.ActiveCfg = Release|Any CPU
		{831342CB-EBA8-464B-B581-1F2CCDEFF688}.Release|Any CPU.Build.0 = Release|Any CPU
		{C2A90078-B344-440E-BF97-7D039DA5FF12}.Debug|Any CPU.ActiveCfg = Debug|Any CPU
		{C2A90078-B344-440E-BF97-7D039DA5FF12}.Debug|Any CPU.Build.0 = Debug|Any CPU
		{C2A90078-B344-440E-BF97-7D039DA5FF12}.Release|Any CPU.ActiveCfg = Release|Any CPU
		{C2A90078-B344-440E-BF97-7D039DA5FF12}.Release|Any CPU.Build.0 = Release|Any CPU
	EndGlobalSection
EndGlobal
